Microsoft Visual Studio Solution File, Format Version 11.00
# Visual Studio 2015
Project("{5CD41858-857A-A7EB-A994-E12714D77D0A}") = "VocoderVST", "VocoderVST.vcxproj", "{F4D55A03-F2B0-7BAB-26CE-8A5FC92B739B}"
EndProject
Global
	GlobalSection(SolutionConfigurationPlatforms) = preSolution
		Debug|Win32 = Debug|Win32
		Release|Win32 = Release|Win32
	EndGlobalSection
	GlobalSection(ProjectConfigurationPlatforms) = postSolution
		{F4D55A03-F2B0-7BAB-26CE-8A5FC92B739B}.Debug|Win32.ActiveCfg = Debug|Win32
		{F4D55A03-F2B0-7BAB-26CE-8A5FC92B739B}.Debug|Win32.Build.0 = Debug|Win32
		{F4D55A03-F2B0-7BAB-26CE-8A5FC92B739B}.Release|Win32.ActiveCfg = Release|Win32
		{F4D55A03-F2B0-7BAB-26CE-8A5FC92B739B}.Release|Win32.Build.0 = Release|Win32
	EndGlobalSection
	GlobalSection(SolutionProperties) = preSolution
		HideSolutionNode = FALSE
	EndGlobalSection
EndGlobal
